
Microsoft Visual Studio Solution File, Format Version 12.00
# Visual Studio 15
VisualStudioVersion = 15.0.26730.3
MinimumVisualStudioVersion = 10.0.40219.1
Project("{FAE04EC0-301F-11D3-BF4B-00C04F79EFBC}") = "Hello_world.Android", "Hello world\Hello_world.Android\Hello_world.Android.csproj", "{D7B9395B-7A45-4F09-8196-F535A49C60F9}"
EndProject
Project("{FAE04EC0-301F-11D3-BF4B-00C04F79EFBC}") = "Hello_world", "Hello world\Hello_world\Hello_world.csproj", "{9681C159-8358-49B9-864F-AE8A524D7AD5}"
EndProject
Project("{FAE04EC0-301F-11D3-BF4B-00C04F79EFBC}") = "Hello_world.UWP", "Hello world\Hello_world.UWP\Hello_world.UWP.csproj", "{EDDC75EB-6371-4790-8889-17C18A8BFBC4}"
EndProject
Project("{FAE04EC0-301F-11D3-BF4B-00C04F79EFBC}") = "Hello_world.iOS", "Hello world\Hello_world.iOS\Hello_world.iOS.csproj", "{C92DA3AE-60F9-45B9-B015-CD548E2D55AD}"
EndProject
Global
	GlobalSection(SolutionConfigurationPlatforms) = preSolution
		Ad-Hoc|Any CPU = Ad-Hoc|Any CPU
		Ad-Hoc|ARM = Ad-Hoc|ARM
		Ad-Hoc|iPhone = Ad-Hoc|iPhone
		Ad-Hoc|iPhoneSimulator = Ad-Hoc|iPhoneSimulator
		Ad-Hoc|x64 = Ad-Hoc|x64
		Ad-Hoc|x86 = Ad-Hoc|x86
		AppStore|Any CPU = AppStore|Any CPU
		AppStore|ARM = AppStore|ARM
		AppStore|iPhone = AppStore|iPhone
		AppStore|iPhoneSimulator = AppStore|iPhoneSimulator
		AppStore|x64 = AppStore|x64
		AppStore|x86 = AppStore|x86
		Debug|Any CPU = Debug|Any CPU
		Debug|ARM = Debug|ARM
		Debug|iPhone = Debug|iPhone
		Debug|iPhoneSimulator = Debug|iPhoneSimulator
		Debug|x64 = Debug|x64
		Debug|x86 = Debug|x86
		Release|Any CPU = Release|Any CPU
		Release|ARM = Release|ARM
		Release|iPhone = Release|iPhone
		Release|iPhoneSimulator = Release|iPhoneSimulator
		Release|x64 = Release|x64
		Release|x86 = Release|x86
	EndGlobalSection
	GlobalSection(ProjectConfigurationPlatforms) = postSolution
		{D7B9395B-7A45-4F09-8196-F535A49C60F9}.Ad-Hoc|Any CPU.ActiveCfg = Release|Any CPU
		{D7B9395B-7A45-4F09-8196-F535A49C60F9}.Ad-Hoc|Any CPU.Build.0 = Release|Any CPU
		{D7B9395B-7A45-4F09-8196-F535A49C60F9}.Ad-Hoc|Any CPU.Deploy.0 = Release|Any CPU
		{D7B9395B-7A45-4F09-8196-F535A49C60F9}.Ad-Hoc|ARM.ActiveCfg = Release|Any CPU
		{D7B9395B-7A45-4F09-8196-F535A49C60F9}.Ad-Hoc|ARM.Build.0 = Release|Any CPU
		{D7B9395B-7A45-4F09-8196-F535A49C60F9}.Ad-Hoc|ARM.Deploy.0 = Release|Any CPU
		{D7B9395B-7A45-4F09-8196-F535A49C60F9}.Ad-Hoc|iPhone.ActiveCfg = Release|Any CPU
		{D7B9395B-7A45-4F09-8196-F535A49C60F9}.Ad-Hoc|iPhone.Build.0 = Release|Any CPU
		{D7B9395B-7A45-4F09-8196-F535A49C60F9}.Ad-Hoc|iPhone.Deploy.0 = Release|Any CPU
		{D7B9395B-7A45-4F09-8196-F535A49C60F9}.Ad-Hoc|iPhoneSimulator.ActiveCfg = Release|Any CPU
		{D7B9395B-7A45-4F09-8196-F535A49C60F9}.Ad-Hoc|iPhoneSimulator.Build.0 = Release|Any CPU
		{D7B9395B-7A45-4F09-8196-F535A49C60F9}.Ad-Hoc|iPhoneSimulator.Deploy.0 = Release|Any CPU
		{D7B9395B-7A45-4F09-8196-F535A49C60F9}.Ad-Hoc|x64.ActiveCfg = Release|Any CPU
		{D7B9395B-7A45-4F09-8196-F535A49C60F9}.Ad-Hoc|x64.Build.0 = Release|Any CPU
		{D7B9395B-7A45-4F09-8196-F535A49C60F9}.Ad-Hoc|x64.Deploy.0 = Release|Any CPU
		{D7B9395B-7A45-4F09-8196-F535A49C60F9}.Ad-Hoc|x86.ActiveCfg = Release|Any CPU
		{D7B9395B-7A45-4F09-8196-F535A49C60F9}.Ad-Hoc|x86.Build.0 = Release|Any CPU
		{D7B9395B-7A45-4F09-8196-F535A49C60F9}.Ad-Hoc|x86.Deploy.0 = Release|Any CPU
		{D7B9395B-7A45-4F09-8196-F535A49C60F9}.AppStore|Any CPU.ActiveCfg = Release|Any CPU
		{D7B9395B-7A45-4F09-8196-F535A49C60F9}.AppStore|Any CPU.Build.0 = Release|Any CPU
		{D7B9395B-7A45-4F09-8196-F535A49C60F9}.AppStore|Any CPU.Deploy.0 = Release|Any CPU
		{D7B9395B-7A45-4F09-8196-F535A49C60F9}.AppStore|ARM.ActiveCfg = Release|Any CPU
		{D7B9395B-7A45-4F09-8196-F535A49C60F9}.AppStore|ARM.Build.0 = Release|Any CPU
		{D7B9395B-7A45-4F09-8196-F535A49C60F9}.AppStore|ARM.Deploy.0 = Release|Any CPU
		{D7B9395B-7A45-4F09-8196-F535A49C60F9}.AppStore|iPhone.ActiveCfg = Release|Any CPU
		{D7B9395B-7A45-4F09-8196-F535A49C60F9}.AppStore|iPhone.Build.0 = Release|Any CPU
		{D7B9395B-7A45-4F09-8196-F535A49C60F9}.AppStore|iPhone.Deploy.0 = Release|Any CPU
		{D7B9395B-7A45-4F09-8196-F535A49C60F9}.AppStore|iPhoneSimulator.ActiveCfg = Release|Any CPU
		{D7B9395B-7A45-4F09-8196-F535A49C60F9}.AppStore|iPhoneSimulator.Build.0 = Release|Any CPU
		{D7B9395B-7A45-4F09-8196-F535A49C60F9}.AppStore|iPhoneSimulator.Deploy.0 = Release|Any CPU
		{D7B9395B-7A45-4F09-8196-F535A49C60F9}.AppStore|x64.ActiveCfg = Release|Any CPU
		{D7B9395B-7A45-4F09-8196-F535A49C60F9}.AppStore|x64.Build.0 = Release|Any CPU
		{D7B9395B-7A45-4F09-8196-F535A49C60F9}.AppStore|x64.Deploy.0 = Release|Any CPU
		{D7B9395B-7A45-4F09-8196-F535A49C60F9}.AppStore|x86.ActiveCfg = Release|Any CPU
		{D7B9395B-7A45-4F09-8196-F535A49C60F9}.AppStore|x86.Build.0 = Release|Any CPU
		{D7B9395B-7A45-4F09-8196-F535A49C60F9}.AppStore|x86.Deploy.0 = Release|Any CPU
		{D7B9395B-7A45-4F09-8196-F535A49C60F9}.Debug|Any CPU.ActiveCfg = Debug|Any CPU
		{D7B9395B-7A45-4F09-8196-F535A49C60F9}.Debug|Any CPU.Build.0 = Debug|Any CPU
		{D7B9395B-7A45-4F09-8196-F535A49C60F9}.Debug|Any CPU.Deploy.0 = Debug|Any CPU
		{D7B9395B-7A45-4F09-8196-F535A49C60F9}.Debug|ARM.ActiveCfg = Debug|Any CPU
		{D7B9395B-7A45-4F09-8196-F535A49C60F9}.Debug|ARM.Build.0 = Debug|Any CPU
		{D7B9395B-7A45-4F09-8196-F535A49C60F9}.Debug|ARM.Deploy.0 = Debug|Any CPU
		{D7B9395B-7A45-4F09-8196-F535A49C60F9}.Debug|iPhone.ActiveCfg = Debug|Any CPU
		{D7B9395B-7A45-4F09-8196-F535A49C60F9}.Debug|iPhone.Build.0 = Debug|Any CPU
		{D7B9395B-7A45-4F09-8196-F535A49C60F9}.Debug|iPhone.Deploy.0 = Debug|Any CPU
		{D7B9395B-7A45-4F09-8196-F535A49C60F9}.Debug|iPhoneSimulator.ActiveCfg = Debug|Any CPU
		{D7B9395B-7A45-4F09-8196-F535A49C60F9}.Debug|iPhoneSimulator.Build.0 = Debug|Any CPU
		{D7B9395B-7A45-4F09-8196-F535A49C60F9}.Debug|iPhoneSimulator.Deploy.0 = Debug|Any CPU
		{D7B9395B-7A45-4F09-8196-F535A49C60F9}.Debug|x64.ActiveCfg = Debug|Any CPU
		{D7B9395B-7A45-4F09-8196-F535A49C60F9}.Debug|x64.Build.0 = Debug|Any CPU
		{D7B9395B-7A45-4F09-8196-F535A49C60F9}.Debug|x64.Deploy.0 = Debug|Any CPU
		{D7B9395B-7A45-4F09-8196-F535A49C60F9}.Debug|x86.ActiveCfg = Debug|Any CPU
		{D7B9395B-7A45-4F09-8196-F535A49C60F9}.Debug|x86.Build.0 = Debug|Any CPU
		{D7B9395B-7A45-4F09-8196-F535A49C60F9}.Debug|x86.Deploy.0 = Debug|Any CPU
		{D7B9395B-7A45-4F09-8196-F535A49C60F9}.Release|Any CPU.ActiveCfg = Release|Any CPU
		{D7B9395B-7A45-4F09-8196-F535A49C60F9}.Release|Any CPU.Build.0 = Release|Any CPU
		{D7B9395B-7A45-4F09-8196-F535A49C60F9}.Release|Any CPU.Deploy.0 = Release|Any CPU
		{D7B9395B-7A45-4F09-8196-F535A49C60F9}.Release|ARM.ActiveCfg = Release|Any CPU
		{D7B9395B-7A45-4F09-8196-F535A49C60F9}.Release|ARM.Build.0 = Release|Any CPU
		{D7B9395B-7A45-4F09-8196-F535A49C60F9}.Release|ARM.Deploy.0 = Release|Any CPU
		{D7B9395B-7A45-4F09-8196-F535A49C60F9}.Release|iPhone.ActiveCfg = Release|Any CPU
		{D7B9395B-7A45-4F09-8196-F535A49C60F9}.Release|iPhone.Build.0 = Release|Any CPU
		{D7B9395B-7A45-4F09-8196-F535A49C60F9}.Release|iPhone.Deploy.0 = Release|Any CPU
		{D7B9395B-7A45-4F09-8196-F535A49C60F9}.Release|iPhoneSimulator.ActiveCfg = Release|Any CPU
		{D7B9395B-7A45-4F09-8196-F535A49C60F9}.Release|iPhoneSimulator.Build.0 = Release|Any CPU
		{D7B9395B-7A45-4F09-8196-F535A49C60F9}.Release|iPhoneSimulator.Deploy.0 = Release|Any CPU
		{D7B9395B-7A45-4F09-8196-F535A49C60F9}.Release|x64.ActiveCfg = Release|Any CPU
		{D7B9395B-7A45-4F09-8196-F535A49C60F9}.Release|x64.Build.0 = Release|Any CPU
		{D7B9395B-7A45-4F09-8196-F535A49C60F9}.Release|x64.Deploy.0 = Release|Any CPU
		{D7B9395B-7A45-4F09-8196-F535A49C60F9}.Release|x86.ActiveCfg = Release|Any CPU
		{D7B9395B-7A45-4F09-8196-F535A49C60F9}.Release|x86.Build.0 = Release|Any CPU
		{D7B9395B-7A45-4F09-8196-F535A49C60F9}.Release|x86.Deploy.0 = Release|Any CPU
		{9681C159-8358-49B9-864F-AE8A524D7AD5}.Ad-Hoc|Any CPU.ActiveCfg = Release|Any CPU
		{9681C159-8358-49B9-864F-AE8A524D7AD5}.Ad-Hoc|Any CPU.Build.0 = Release|Any CPU
		{9681C159-8358-49B9-864F-AE8A524D7AD5}.Ad-Hoc|ARM.ActiveCfg = Release|Any CPU
		{9681C159-8358-49B9-864F-AE8A524D7AD5}.Ad-Hoc|ARM.Build.0 = Release|Any CPU
		{9681C159-8358-49B9-864F-AE8A524D7AD5}.Ad-Hoc|iPhone.ActiveCfg = Release|Any CPU
		{9681C159-8358-49B9-864F-AE8A524D7AD5}.Ad-Hoc|iPhone.Build.0 = Release|Any CPU
		{9681C159-8358-49B9-864F-AE8A524D7AD5}.Ad-Hoc|iPhoneSimulator.ActiveCfg = Release|Any CPU
		{9681C159-8358-49B9-864F-AE8A524D7AD5}.Ad-Hoc|iPhoneSimulator.Build.0 = Release|Any CPU
		{9681C159-8358-49B9-864F-AE8A524D7AD5}.Ad-Hoc|x64.ActiveCfg = Release|Any CPU
		{9681C159-8358-49B9-864F-AE8A524D7AD5}.Ad-Hoc|x64.Build.0 = Release|Any CPU
		{9681C159-8358-49B9-864F-AE8A524D7AD5}.Ad-Hoc|x86.ActiveCfg = Release|Any CPU
		{9681C159-8358-49B9-864F-AE8A524D7AD5}.Ad-Hoc|x86.Build.0 = Release|Any CPU
		{9681C159-8358-49B9-864F-AE8A524D7AD5}.AppStore|Any CPU.ActiveCfg = Release|Any CPU
		{9681C159-8358-49B9-864F-AE8A524D7AD5}.AppStore|Any CPU.Build.0 = Release|Any CPU
		{9681C159-8358-49B9-864F-AE8A524D7AD5}.AppStore|ARM.ActiveCfg = Release|Any CPU
		{9681C159-8358-49B9-864F-AE8A524D7AD5}.AppStore|ARM.Build.0 = Release|Any CPU
		{9681C159-8358-49B9-864F-AE8A524D7AD5}.AppStore|iPhone.ActiveCfg = Release|Any CPU
		{9681C159-8358-49B9-864F-AE8A524D7AD5}.AppStore|iPhone.Build.0 = Release|Any CPU
		{9681C159-8358-49B9-864F-AE8A524D7AD5}.AppStore|iPhoneSimulator.ActiveCfg = Release|Any CPU
		{9681C159-8358-49B9-864F-AE8A524D7AD5}.AppStore|iPhoneSimulator.Build.0 = Release|Any CPU
		{9681C159-8358-49B9-864F-AE8A524D7AD5}.AppStore|x64.ActiveCfg = Release|Any CPU
		{9681C159-8358-49B9-864F-AE8A524D7AD5}.AppStore|x64.Build.0 = Release|Any CPU
		{9681C159-8358-49B9-864F-AE8A524D7AD5}.AppStore|x86.ActiveCfg = Release|Any CPU
		{9681C159-8358-49B9-864F-AE8A524D7AD5}.AppStore|x86.Build.0 = Release|Any CPU
		{9681C159-8358-49B9-864F-AE8A524D7AD5}.Debug|Any CPU.ActiveCfg = Debug|Any CPU
		{9681C159-8358-49B9-864F-AE8A524D7AD5}.Debug|Any CPU.Build.0 = Debug|Any CPU
		{9681C159-8358-49B9-864F-AE8A524D7AD5}.Debug|ARM.ActiveCfg = Debug|Any CPU
		{9681C159-8358-49B9-864F-AE8A524D7AD5}.Debug|ARM.Build.0 = Debug|Any CPU
		{9681C159-8358-49B9-864F-AE8A524D7AD5}.Debug|iPhone.ActiveCfg = Debug|Any CPU
		{9681C159-8358-49B9-864F-AE8A524D7AD5}.Debug|iPhone.Build.0 = Debug|Any CPU
		{9681C159-8358-49B9-864F-AE8A524D7AD5}.Debug|iPhoneSimulator.ActiveCfg = Debug|Any CPU
		{9681C159-8358-49B9-864F-AE8A524D7AD5}.Debug|iPhoneSimulator.Build.0 = Debug|Any CPU
		{9681C159-8358-49B9-864F-AE8A524D7AD5}.Debug|x64.ActiveCfg = Debug|Any CPU
		{9681C159-8358-49B9-864F-AE8A524D7AD5}.Debug|x64.Build.0 = Debug|Any CPU
		{9681C159-8358-49B9-864F-AE8A524D7AD5}.Debug|x86.ActiveCfg = Debug|Any CPU
		{9681C159-8358-49B9-864F-AE8A524D7AD5}.Debug|x86.Build.0 = Debug|Any CPU
		{9681C159-8358-49B9-864F-AE8A524D7AD5}.Release|Any CPU.ActiveCfg = Release|Any CPU
		{9681C159-8358-49B9-864F-AE8A524D7AD5}.Release|Any CPU.Build.0 = Release|Any CPU
		{9681C159-8358-49B9-864F-AE8A524D7AD5}.Release|ARM.ActiveCfg = Release|Any CPU
		{9681C159-8358-49B9-864F-AE8A524D7AD5}.Release|ARM.Build.0 = Release|Any CPU
		{9681C159-8358-49B9-864F-AE8A524D7AD5}.Release|iPhone.ActiveCfg = Release|Any CPU
		{9681C159-8358-49B9-864F-AE8A524D7AD5}.Release|iPhone.Build.0 = Release|Any CPU
		{9681C159-8358-49B9-864F-AE8A524D7AD5}.Release|iPhoneSimulator.ActiveCfg = Release|Any CPU
		{9681C159-8358-49B9-864F-AE8A524D7AD5}.Release|iPhoneSimulator.Build.0 = Release|Any CPU
		{9681C159-8358-49B9-864F-AE8A524D7AD5}.Release|x64.ActiveCfg = Release|Any CPU
		{9681C159-8358-49B9-864F-AE8A524D7AD5}.Release|x64.Build.0 = Release|Any CPU
		{9681C159-8358-49B9-864F-AE8A524D7AD5}.Release|x86.ActiveCfg = Release|Any CPU
		{9681C159-8358-49B9-864F-AE8A524D7AD5}.Release|x86.Build.0 = Release|Any CPU
		{EDDC75EB-6371-4790-8889-17C18A8BFBC4}.Ad-Hoc|Any CPU.ActiveCfg = Release|x86
		{EDDC75EB-6371-4790-8889-17C18A8BFBC4}.Ad-Hoc|Any CPU.Build.0 = Release|x86
		{EDDC75EB-6371-4790-8889-17C18A8BFBC4}.Ad-Hoc|Any CPU.Deploy.0 = Release|x86
		{EDDC75EB-6371-4790-8889-17C18A8BFBC4}.Ad-Hoc|ARM.ActiveCfg = Release|ARM
		{EDDC75EB-6371-4790-8889-17C18A8BFBC4}.Ad-Hoc|ARM.Build.0 = Release|ARM
		{EDDC75EB-6371-4790-8889-17C18A8BFBC4}.Ad-Hoc|ARM.Deploy.0 = Release|ARM
		{EDDC75EB-6371-4790-8889-17C18A8BFBC4}.Ad-Hoc|iPhone.ActiveCfg = Release|x86
		{EDDC75EB-6371-4790-8889-17C18A8BFBC4}.Ad-Hoc|iPhone.Build.0 = Release|x86
		{EDDC75EB-6371-4790-8889-17C18A8BFBC4}.Ad-Hoc|iPhone.Deploy.0 = Release|x86
		{EDDC75EB-6371-4790-8889-17C18A8BFBC4}.Ad-Hoc|iPhoneSimulator.ActiveCfg = Release|x86
		{EDDC75EB-6371-4790-8889-17C18A8BFBC4}.Ad-Hoc|iPhoneSimulator.Build.0 = Release|x86
		{EDDC75EB-6371-4790-8889-17C18A8BFBC4}.Ad-Hoc|iPhoneSimulator.Deploy.0 = Release|x86
		{EDDC75EB-6371-4790-8889-17C18A8BFBC4}.Ad-Hoc|x64.ActiveCfg = Release|x64
		{EDDC75EB-6371-4790-8889-17C18A8BFBC4}.Ad-Hoc|x64.Build.0 = Release|x64
		{EDDC75EB-6371-4790-8889-17C18A8BFBC4}.Ad-Hoc|x64.Deploy.0 = Release|x64
		{EDDC75EB-6371-4790-8889-17C18A8BFBC4}.Ad-Hoc|x86.ActiveCfg = Release|x86
		{EDDC75EB-6371-4790-8889-17C18A8BFBC4}.Ad-Hoc|x86.Build.0 = Release|x86
		{EDDC75EB-6371-4790-8889-17C18A8BFBC4}.Ad-Hoc|x86.Deploy.0 = Release|x86
		{EDDC75EB-6371-4790-8889-17C18A8BFBC4}.AppStore|Any CPU.ActiveCfg = Release|x86
		{EDDC75EB-6371-4790-8889-17C18A8BFBC4}.AppStore|Any CPU.Build.0 = Release|x86
		{EDDC75EB-6371-4790-8889-17C18A8BFBC4}.AppStore|Any CPU.Deploy.0 = Release|x86
		{EDDC75EB-6371-4790-8889-17C18A8BFBC4}.AppStore|ARM.ActiveCfg = Release|ARM
		{EDDC75EB-6371-4790-8889-17C18A8BFBC4}.AppStore|ARM.Build.0 = Release|ARM
		{EDDC75EB-6371-4790-8889-17C18A8BFBC4}.AppStore|ARM.Deploy.0 = Release|ARM
		{EDDC75EB-6371-4790-8889-17C18A8BFBC4}.AppStore|iPhone.ActiveCfg = Release|x86
		{EDDC75EB-6371-4790-8889-17C18A8BFBC4}.AppStore|iPhone.Build.0 = Release|x86
		{EDDC75EB-6371-4790-8889-17C18A8BFBC4}.AppStore|iPhone.Deploy.0 = Release|x86
		{EDDC75EB-6371-4790-8889-17C18A8BFBC4}.AppStore|iPhoneSimulator.ActiveCfg = Release|x86
		{EDDC75EB-6371-4790-8889-17C18A8BFBC4}.AppStore|iPhoneSimulator.Build.0 = Release|x86
		{EDDC75EB-6371-4790-8889-17C18A8BFBC4}.AppStore|iPhoneSimulator.Deploy.0 = Release|x86
		{EDDC75EB-6371-4790-8889-17C18A8BFBC4}.AppStore|x64.ActiveCfg = Release|x64
		{EDDC75EB-6371-4790-8889-17C18A8BFBC4}.AppStore|x64.Build.0 = Release|x64
		{EDDC75EB-6371-4790-8889-17C18A8BFBC4}.AppStore|x64.Deploy.0 = Release|x64
		{EDDC75EB-6371-4790-8889-17C18A8BFBC4}.AppStore|x86.ActiveCfg = Release|x86
		{EDDC75EB-6371-4790-8889-17C18A8BFBC4}.AppStore|x86.Build.0 = Release|x86
		{EDDC75EB-6371-4790-8889-17C18A8BFBC4}.AppStore|x86.Deploy.0 = Release|x86
		{EDDC75EB-6371-4790-8889-17C18A8BFBC4}.Debug|Any CPU.ActiveCfg = Debug|x86
		{EDDC75EB-6371-4790-8889-17C18A8BFBC4}.Debug|ARM.ActiveCfg = Debug|ARM
		{EDDC75EB-6371-4790-8889-17C18A8BFBC4}.Debug|ARM.Build.0 = Debug|ARM
		{EDDC75EB-6371-4790-8889-17C18A8BFBC4}.Debug|ARM.Deploy.0 = Debug|ARM
		{EDDC75EB-6371-4790-8889-17C18A8BFBC4}.Debug|iPhone.ActiveCfg = Debug|x86
		{EDDC75EB-6371-4790-8889-17C18A8BFBC4}.Debug|iPhoneSimulator.ActiveCfg = Debug|x86
		{EDDC75EB-6371-4790-8889-17C18A8BFBC4}.Debug|x64.ActiveCfg = Debug|x64
		{EDDC75EB-6371-4790-8889-17C18A8BFBC4}.Debug|x64.Build.0 = Debug|x64
		{EDDC75EB-6371-4790-8889-17C18A8BFBC4}.Debug|x64.Deploy.0 = Debug|x64
		{EDDC75EB-6371-4790-8889-17C18A8BFBC4}.Debug|x86.ActiveCfg = Debug|x86
		{EDDC75EB-6371-4790-8889-17C18A8BFBC4}.Debug|x86.Build.0 = Debug|x86
		{EDDC75EB-6371-4790-8889-17C18A8BFBC4}.Debug|x86.Deploy.0 = Debug|x86
		{EDDC75EB-6371-4790-8889-17C18A8BFBC4}.Release|Any CPU.ActiveCfg = Release|x86
		{EDDC75EB-6371-4790-8889-17C18A8BFBC4}.Release|ARM.ActiveCfg = Release|ARM
		{EDDC75EB-6371-4790-8889-17C18A8BFBC4}.Release|ARM.Build.0 = Release|ARM
		{EDDC75EB-6371-4790-8889-17C18A8BFBC4}.Release|ARM.Deploy.0 = Release|ARM
		{EDDC75EB-6371-4790-8889-17C18A8BFBC4}.Release|iPhone.ActiveCfg = Release|x86
		{EDDC75EB-6371-4790-8889-17C18A8BFBC4}.Release|iPhoneSimulator.ActiveCfg = Release|x86
		{EDDC75EB-6371-4790-8889-17C18A8BFBC4}.Release|x64.ActiveCfg = Release|x64
		{EDDC75EB-6371-4790-8889-17C18A8BFBC4}.Release|x64.Build.0 = Release|x64
		{EDDC75EB-6371-4790-8889-17C18A8BFBC4}.Release|x64.Deploy.0 = Release|x64
		{EDDC75EB-6371-4790-8889-17C18A8BFBC4}.Release|x86.ActiveCfg = Release|x86
		{EDDC75EB-6371-4790-8889-17C18A8BFBC4}.Release|x86.Build.0 = Release|x86
		{EDDC75EB-6371-4790-8889-17C18A8BFBC4}.Release|x86.Deploy.0 = Release|x86
		{C92DA3AE-60F9-45B9-B015-CD548E2D55AD}.Ad-Hoc|Any CPU.ActiveCfg = Ad-Hoc|iPhone
		{C92DA3AE-60F9-45B9-B015-CD548E2D55AD}.Ad-Hoc|ARM.ActiveCfg = Ad-Hoc|iPhone
		{C92DA3AE-60F9-45B9-B015-CD548E2D55AD}.Ad-Hoc|iPhone.ActiveCfg = Ad-Hoc|iPhone
		{C92DA3AE-60F9-45B9-B015-CD548E2D55AD}.Ad-Hoc|iPhone.Build.0 = Ad-Hoc|iPhone
		{C92DA3AE-60F9-45B9-B015-CD548E2D55AD}.Ad-Hoc|iPhoneSimulator.ActiveCfg = Ad-Hoc|iPhoneSimulator
		{C92DA3AE-60F9-45B9-B015-CD548E2D55AD}.Ad-Hoc|iPhoneSimulator.Build.0 = Ad-Hoc|iPhoneSimulator
		{C92DA3AE-60F9-45B9-B015-CD548E2D55AD}.Ad-Hoc|x64.ActiveCfg = Ad-Hoc|iPhone
		{C92DA3AE-60F9-45B9-B015-CD548E2D55AD}.Ad-Hoc|x86.ActiveCfg = Ad-Hoc|iPhone
		{C92DA3AE-60F9-45B9-B015-CD548E2D55AD}.AppStore|Any CPU.ActiveCfg = AppStore|iPhone
		{C92DA3AE-60F9-45B9-B015-CD548E2D55AD}.AppStore|ARM.ActiveCfg = AppStore|iPhone
		{C92DA3AE-60F9-45B9-B015-CD548E2D55AD}.AppStore|iPhone.ActiveCfg = AppStore|iPhone
		{C92DA3AE-60F9-45B9-B015-CD548E2D55AD}.AppStore|iPhone.Build.0 = AppStore|iPhone
		{C92DA3AE-60F9-45B9-B015-CD548E2D55AD}.AppStore|iPhoneSimulator.ActiveCfg = AppStore|iPhoneSimulator
		{C92DA3AE-60F9-45B9-B015-CD548E2D55AD}.AppStore|iPhoneSimulator.Build.0 = AppStore|iPhoneSimulator
		{C92DA3AE-60F9-45B9-B015-CD548E2D55AD}.AppStore|x64.ActiveCfg = AppStore|iPhone
		{C92DA3AE-60F9-45B9-B015-CD548E2D55AD}.AppStore|x86.ActiveCfg = AppStore|iPhone
		{C92DA3AE-60F9-45B9-B015-CD548E2D55AD}.Debug|Any CPU.ActiveCfg = Debug|iPhone
		{C92DA3AE-60F9-45B9-B015-CD548E2D55AD}.Debug|ARM.ActiveCfg = Debug|iPhone
		{C92DA3AE-60F9-45B9-B015-CD548E2D55AD}.Debug|iPhone.ActiveCfg = Debug|iPhone
		{C92DA3AE-60F9-45B9-B015-CD548E2D55AD}.Debug|iPhone.Build.0 = Debug|iPhone
		{C92DA3AE-60F9-45B9-B015-CD548E2D55AD}.Debug|iPhoneSimulator.ActiveCfg = Debug|iPhoneSimulator
		{C92DA3AE-60F9-45B9-B015-CD548E2D55AD}.Debug|iPhoneSimulator.Build.0 = Debug|iPhoneSimulator
		{C92DA3AE-60F9-45B9-B015-CD548E2D55AD}.Debug|x64.ActiveCfg = Debug|iPhone
		{C92DA3AE-60F9-45B9-B015-CD548E2D55AD}.Debug|x86.ActiveCfg = Debug|iPhone
		{C92DA3AE-60F9-45B9-B015-CD548E2D55AD}.Release|Any CPU.ActiveCfg = Release|iPhone
		{C92DA3AE-60F9-45B9-B015-CD548E2D55AD}.Release|ARM.ActiveCfg = Release|iPhone
		{C92DA3AE-60F9-45B9-B015-CD548E2D55AD}.Release|iPhone.ActiveCfg = Release|iPhone
		{C92DA3AE-60F9-45B9-B015-CD548E2D55AD}.Release|iPhone.Build.0 = Release|iPhone
		{C92DA3AE-60F9-45B9-B015-CD548E2D55AD}.Release|iPhoneSimulator.ActiveCfg = Release|iPhoneSimulator
		{C92DA3AE-60F9-45B9-B015-CD548E2D55AD}.Release|iPhoneSimulator.Build.0 = Release|iPhoneSimulator
		{C92DA3AE-60F9-45B9-B015-CD548E2D55AD}.Release|x64.ActiveCfg = Release|iPhone
		{C92DA3AE-60F9-45B9-B015-CD548E2D55AD}.Release|x86.ActiveCfg = Release|iPhone
	EndGlobalSection
	GlobalSection(SolutionProperties) = preSolution
		HideSolutionNode = FALSE
	EndGlobalSection
	GlobalSection(ExtensibilityGlobals) = postSolution
		SolutionGuid = {C0B60E62-C399-4EC4-8836-088727BFFDD1}
	EndGlobalSection
EndGlobal
